<Solution>
  <Folder Name="/src/">
    <Project Path="src/Finance.Api/Finance.Api.csproj" />
    <Project Path="src/Finance.Application/Finance.Application.csproj" />
    <Project Path="src/Finance.Domain/Finance.Domain.csproj" />
    <Project Path="src/Finance.Infrastructure/Finance.Infrastructure.csproj" />
  </Folder>
  <Folder Name="/tests/">
    <Project Path="tests/Finance.UnitTests/Finance.UnitTests.csproj" />
  </Folder>
</Solution>
